{
  "lockfileVersion": 1,
  "configVersion": 1,
  "workspaces": {
    "": {
      "name": "ag3nt-client",
      "dependencies": {
        "@cosmjs/encoding": "^0.32.4",
        "@noble/ed25519": "^2.1.0",
        "@noble/hashes": "^1.4.0",
        "cosmjs-types": "^0.9.0",
      },
    },
  },
  "packages": {
    "@cosmjs/encoding": ["@cosmjs/encoding@0.32.4", "", { "dependencies": { "base64-js": "^1.3.0", "bech32": "^1.1.4", "readonly-date": "^1.0.0" } }, "sha512-tjvaEy6ZGxJchiizzTn7HVRiyTg1i4CObRRaTRPknm5EalE13SV+TCHq38gIDfyUeden4fCuaBVEdBR5+ti7Hw=="],

    "@noble/ed25519": ["@noble/ed25519@2.3.0", "", {}, "sha512-M7dvXL2B92/M7dw9+gzuydL8qn/jiqNHaoR3Q+cb1q1GHV7uwE17WCyFMG+Y+TZb5izcaXk5TdJRrDUxHXL78A=="],

    "@noble/hashes": ["@noble/hashes@1.8.0", "", {}, "sha512-jCs9ldd7NwzpgXDIf6P3+NrHh9/sD6CQdxHyjQI+h/6rDNo88ypBxxz45UDuZHz9r3tNz7N/VInSVoVdtXEI4A=="],

    "base64-js": ["base64-js@1.5.1", "", {}, "sha512-AKpaYlHn8t4SVbOHCy+b5+KKgvR4vrsD8vbvrbiQJps7fKDTkjkDry6ji0rUJjC0kzbNePLwzxq8iypo41qeWA=="],

    "bech32": ["bech32@1.1.4", "", {}, "sha512-s0IrSOzLlbvX7yp4WBfPITzpAU8sqQcpsmwXDiKwrG4r491vwCO/XpejasRNl0piBMe/DvP4Tz0mIS/X1DPJBQ=="],

    "cosmjs-types": ["cosmjs-types@0.9.0", "", {}, "sha512-MN/yUe6mkJwHnCFfsNPeCfXVhyxHYW6c/xDUzrSbBycYzw++XvWDMJArXp2pLdgD6FQ8DW79vkPjeNKVrXaHeQ=="],

    "readonly-date": ["readonly-date@1.0.0", "", {}, "sha512-tMKIV7hlk0h4mO3JTmmVuIlJVXjKk3Sep9Bf5OH0O+758ruuVkUy2J9SttDLm91IEX/WHlXPSpxMGjPj4beMIQ=="],
  }
}
